// !$*UTF8*$!
{
	archiveVersion = 1;
	classes = {
	};
	objectVersion = 46;
	objects = {

/* Begin PBXBuildFile section */
		8E3F7B4E1EB7DCC9001C83CB /* WeatherCell.swift in Sources */ = {isa = PBXBuildFile; fileRef = 8E3F7B4D1EB7DCC9001C83CB /* WeatherCell.swift */; };
		8ECE32A31EA0767900D5D621 /* Forecast.swift in Sources */ = {isa = PBXBuildFile; fileRef = 8ECE32A21EA0767900D5D621 /* Forecast.swift */; };
		8EDC74231E7325BE00243068 /* AppDelegate.swift in Sources */ = {isa = PBXBuildFile; fileRef = 8EDC74221E7325BE00243068 /* AppDelegate.swift */; };
		8EDC74251E7325BE00243068 /* WeatherVC.swift in Sources */ = {isa = PBXBuildFile; fileRef = 8EDC74241E7325BE00243068 /* WeatherVC.swift */; };
		8EDC74281E7325BE00243068 /* Main.storyboard in Resources */ = {isa = PBXBuildFile; fileRef = 8EDC74261E7325BE00243068 /* Main.storyboard */; };
		8EDC742B1E7325BE00243068 /* rainyshinycloudy.xcdatamodeld in Sources */ = {isa = PBXBuildFile; fileRef = 8EDC74291E7325BE00243068 /* rainyshinycloudy.xcdatamodeld */; };
		8EDC742D1E7325BE00243068 /* Assets.xcassets in Resources */ = {isa = PBXBuildFile; fileRef = 8EDC742C1E7325BE00243068 /* Assets.xcassets */; };
		8EDC74301E7325BE00243068 /* LaunchScreen.storyboard in Resources */ = {isa = PBXBuildFile; fileRef = 8EDC742E1E7325BE00243068 /* LaunchScreen.storyboard */; };
		8EDC743B1E7325BE00243068 /* rainyshinycloudyTests.swift in Sources */ = {isa = PBXBuildFile; fileRef = 8EDC743A1E7325BE00243068 /* rainyshinycloudyTests.swift */; };
		8EDC74461E7325BE00243068 /* rainyshinycloudyUITests.swift in Sources */ = {isa = PBXBuildFile; fileRef = 8EDC74451E7325BE00243068 /* rainyshinycloudyUITests.swift */; };
		8EDC74541E7358D600243068 /* Constants.swift in Sources */ = {isa = PBXBuildFile; fileRef = 8EDC74531E7358D600243068 /* Constants.swift */; };
		8EDC74561E735C2A00243068 /* CurrentWeather.swift in Sources */ = {isa = PBXBuildFile; fileRef = 8EDC74551E735C2A00243068 /* CurrentWeather.swift */; };
		E5EC5F3E462DD3DC90CBD67B /* Pods_rainyshinycloudy.framework in Frameworks */ = {isa = PBXBuildFile; fileRef = 1727BD494FFA11D4E1B1A255 /* Pods_rainyshinycloudy.framework */; };
/* End PBXBuildFile section */

/* Begin PBXContainerItemProxy section */
		8EDC74371E7325BE00243068 /* PBXContainerItemProxy */ = {
			isa = PBXContainerItemProxy;
			containerPortal = 8EDC74171E7325BE00243068 /* Project object */;
			proxyType = 1;
			remoteGlobalIDString = 8EDC741E1E7325BE00243068;
			remoteInfo = rainyshinycloudy;
		};
		8EDC74421E7325BE00243068 /* PBXContainerItemProxy */ = {
			isa = PBXContainerItemProxy;
			containerPortal = 8EDC74171E7325BE00243068 /* Project object */;
			proxyType = 1;
			remoteGlobalIDString = 8EDC741E1E7325BE00243068;
			remoteInfo = rainyshinycloudy;
		};
/* End PBXContainerItemProxy section */

/* Begin PBXFileReference section */
		1727BD494FFA11D4E1B1A255 /* Pods_rainyshinycloudy.framework */ = {isa = PBXFileReference; explicitFileType = wrapper.framework; includeInIndex = 0; path = Pods_rainyshinycloudy.framework; sourceTree = BUILT_PRODUCTS_DIR; };
		77EF0F02592B50EB39D4EF95 /* Pods-rainyshinycloudy.release.xcconfig */ = {isa = PBXFileReference; includeInIndex = 1; lastKnownFileType = text.xcconfig; name = "Pods-rainyshinycloudy.release.xcconfig"; path = "Pods/Target Support Files/Pods-rainyshinycloudy/Pods-rainyshinycloudy.release.xcconfig"; sourceTree = "<group>"; };
		8E3F7B4D1EB7DCC9001C83CB /* WeatherCell.swift */ = {isa = PBXFileReference; fileEncoding = 4; lastKnownFileType = sourcecode.swift; path = WeatherCell.swift; sourceTree = "<group>"; };
		8ECE32A21EA0767900D5D621 /* Forecast.swift */ = {isa = PBXFileReference; fileEncoding = 4; lastKnownFileType = sourcecode.swift; path = Forecast.swift; sourceTree = "<group>"; };
		8EDC741F1E7325BE00243068 /* rainyshinycloudy.app */ = {isa = PBXFileReference; explicitFileType = wrapper.application; includeInIndex = 0; path = rainyshinycloudy.app; sourceTree = BUILT_PRODUCTS_DIR; };
		8EDC74221E7325BE00243068 /* AppDelegate.swift */ = {isa = PBXFileReference; lastKnownFileType = sourcecode.swift; path = AppDelegate.swift; sourceTree = "<group>"; };
		8EDC74241E7325BE00243068 /* WeatherVC.swift */ = {isa = PBXFileReference; lastKnownFileType = sourcecode.swift; path = WeatherVC.swift; sourceTree = "<group>"; };
		8EDC74271E7325BE00243068 /* Base */ = {isa = PBXFileReference; lastKnownFileType = file.storyboard; name = Base; path = Base.lproj/Main.storyboard; sourceTree = "<group>"; };
		8EDC742A1E7325BE00243068 /* rainyshinycloudy.xcdatamodel */ = {isa = PBXFileReference; lastKnownFileType = wrapper.xcdatamodel; path = rainyshinycloudy.xcdatamodel; sourceTree = "<group>"; };
		8EDC742C1E7325BE00243068 /* Assets.xcassets */ = {isa = PBXFileReference; lastKnownFileType = folder.assetcatalog; path = Assets.xcassets; sourceTree = "<group>"; };
		8EDC742F1E7325BE00243068 /* Base */ = {isa = PBXFileReference; lastKnownFileType = file.storyboard; name = Base; path = Base.lproj/LaunchScreen.storyboard; sourceTree = "<group>"; };
		8EDC74311E7325BE00243068 /* Info.plist */ = {isa = PBXFileReference; lastKnownFileType = text.plist.xml; path = Info.plist; sourceTree = "<group>"; };
		8EDC74361E7325BE00243068 /* rainyshinycloudyTests.xctest */ = {isa = PBXFileReference; explicitFileType = wrapper.cfbundle; includeInIndex = 0; path = rainyshinycloudyTests.xctest; sourceTree = BUILT_PRODUCTS_DIR; };
		8EDC743A1E7325BE00243068 /* rainyshinycloudyTests.swift */ = {isa = PBXFileReference; lastKnownFileType = sourcecode.swift; path = rainyshinycloudyTests.swift; sourceTree = "<group>"; };
		8EDC743C1E7325BE00243068 /* Info.plist */ = {isa = PBXFileReference; lastKnownFileType = text.plist.xml; path = Info.plist; sourceTree = "<group>"; };
		8EDC74411E7325BE00243068 /* rainyshinycloudyUITests.xctest */ = {isa = PBXFileReference; explicitFileType = wrapper.cfbundle; includeInIndex = 0; path = rainyshinycloudyUITests.xctest; sourceTree = BUILT_PRODUCTS_DIR; };
		8EDC74451E7325BE00243068 /* rainyshinycloudyUITests.swift */ = {isa = PBXFileReference; lastKnownFileType = sourcecode.swift; path = rainyshinycloudyUITests.swift; sourceTree = "<group>"; };
		8EDC74471E7325BE00243068 /* Info.plist */ = {isa = PBXFileReference; lastKnownFileType = text.plist.xml; path = Info.plist; sourceTree = "<group>"; };
		8EDC74531E7358D600243068 /* Constants.swift */ = {isa = PBXFileReference; fileEncoding = 4; lastKnownFileType = sourcecode.swift; path = Constants.swift; sourceTree = "<group>"; };
		8EDC74551E735C2A00243068 /* CurrentWeather.swift */ = {isa = PBXFileReference; fileEncoding = 4; lastKnownFileType = sourcecode.swift; path = CurrentWeather.swift; sourceTree = "<group>"; };
		F4093AD5762592F2176792F1 /* Pods-rainyshinycloudy.debug.xcconfig */ = {isa = PBXFileReference; includeInIndex = 1; lastKnownFileType = text.xcconfig; name = "Pods-rainyshinycloudy.debug.xcconfig"; path = "Pods/Target Support Files/Pods-rainyshinycloudy/Pods-rainyshinycloudy.debug.xcconfig"; sourceTree = "<group>"; };
/* End PBXFileReference section */

/* Begin PBXFrameworksBuildPhase section */
		8EDC741C1E7325BE00243068 /* Frameworks */ = {
			isa = PBXFrameworksBuildPhase;
			buildActionMask = 2147483647;
			files = (
				E5EC5F3E462DD3DC90CBD67B /* Pods_rainyshinycloudy.framework in Frameworks */,
			);
			runOnlyForDeploymentPostprocessing = 0;
		};
		8EDC74331E7325BE00243068 /* Frameworks */ = {
			isa = PBXFrameworksBuildPhase;
			buildActionMask = 2147483647;
			files = (
			);
			runOnlyForDeploymentPostprocessing = 0;
		};
		8EDC743E1E7325BE00243068 /* Frameworks */ = {
			isa = PBXFrameworksBuildPhase;
			buildActionMask = 2147483647;
			files = (
			);
			runOnlyForDeploymentPostprocessing = 0;
		};
/* End PBXFrameworksBuildPhase section */

/* Begin PBXGroup section */
		3C14F11DA8390BBCA1958F6F /* Frameworks */ = {
			isa = PBXGroup;
			children = (
				1727BD494FFA11D4E1B1A255 /* Pods_rainyshinycloudy.framework */,
			);
			name = Frameworks;
			sourceTree = "<group>";
		};
		416E3BA8626837D52D22A57B /* Pods */ = {
			isa = PBXGroup;
			children = (
				F4093AD5762592F2176792F1 /* Pods-rainyshinycloudy.debug.xcconfig */,
				77EF0F02592B50EB39D4EF95 /* Pods-rainyshinycloudy.release.xcconfig */,
			);
			name = Pods;
			sourceTree = "<group>";
		};
		8EDC74161E7325BE00243068 = {
			isa = PBXGroup;
			children = (
				8EDC74211E7325BE00243068 /* rainyshinycloudy */,
				8EDC74391E7325BE00243068 /* rainyshinycloudyTests */,
				8EDC74441E7325BE00243068 /* rainyshinycloudyUITests */,
				8EDC74201E7325BE00243068 /* Products */,
				416E3BA8626837D52D22A57B /* Pods */,
				3C14F11DA8390BBCA1958F6F /* Frameworks */,
			);
			sourceTree = "<group>";
		};
		8EDC74201E7325BE00243068 /* Products */ = {
			isa = PBXGroup;
			children = (
				8EDC741F1E7325BE00243068 /* rainyshinycloudy.app */,
				8EDC74361E7325BE00243068 /* rainyshinycloudyTests.xctest */,
				8EDC74411E7325BE00243068 /* rainyshinycloudyUITests.xctest */,
			);
			name = Products;
			sourceTree = "<group>";
		};
		8EDC74211E7325BE00243068 /* rainyshinycloudy */ = {
			isa = PBXGroup;
			children = (
				8EDC74221E7325BE00243068 /* AppDelegate.swift */,
				8EDC74241E7325BE00243068 /* WeatherVC.swift */,
				8EDC74261E7325BE00243068 /* Main.storyboard */,
				8EDC742C1E7325BE00243068 /* Assets.xcassets */,
				8EDC742E1E7325BE00243068 /* LaunchScreen.storyboard */,
				8EDC74311E7325BE00243068 /* Info.plist */,
				8EDC74291E7325BE00243068 /* rainyshinycloudy.xcdatamodeld */,
				8EDC74531E7358D600243068 /* Constants.swift */,
				8EDC74551E735C2A00243068 /* CurrentWeather.swift */,
				8ECE32A21EA0767900D5D621 /* Forecast.swift */,
				8E3F7B4D1EB7DCC9001C83CB /* WeatherCell.swift */,
			);
			path = rainyshinycloudy;
			sourceTree = "<group>";
		};
		8EDC74391E7325BE00243068 /* rainyshinycloudyTests */ = {
			isa = PBXGroup;
			children = (
				8EDC743A1E7325BE00243068 /* rainyshinycloudyTests.swift */,
				8EDC743C1E7325BE00243068 /* Info.plist */,
			);
			path = rainyshinycloudyTests;
			sourceTree = "<group>";
		};
		8EDC74441E7325BE00243068 /* rainyshinycloudyUITests */ = {
			isa = PBXGroup;
			children = (
				8EDC74451E7325BE00243068 /* rainyshinycloudyUITests.swift */,
				8EDC74471E7325BE00243068 /* Info.plist */,
			);
			path = rainyshinycloudyUITests;
			sourceTree = "<group>";
		};
/* End PBXGroup section */

/* Begin PBXNativeTarget section */
		8EDC741E1E7325BE00243068 /* rainyshinycloudy */ = {
			isa = PBXNativeTarget;
			buildConfigurationList = 8EDC744A1E7325BE00243068 /* Build configuration list for PBXNativeTarget "rainyshinycloudy" */;
			buildPhases = (
				1D8077226270A4835043273F /* [CP] Check Pods Manifest.lock */,
				8EDC741B1E7325BE00243068 /* Sources */,
				8EDC741C1E7325BE00243068 /* Frameworks */,
				8EDC741D1E7325BE00243068 /* Resources */,
				9D6EA39CC76BFD8DB462DD7F /* [CP] Embed Pods Frameworks */,
				82C57B17F9EC22A5BAB61569 /* [CP] Copy Pods Resources */,
			);
			buildRules = (
			);
			dependencies = (
			);
			name = rainyshinycloudy;
			productName = rainyshinycloudy;
			productReference = 8EDC741F1E7325BE00243068 /* rainyshinycloudy.app */;
			productType = "com.apple.product-type.application";
		};
		8EDC74351E7325BE00243068 /* rainyshinycloudyTests */ = {
			isa = PBXNativeTarget;
			buildConfigurationList = 8EDC744D1E7325BE00243068 /* Build configuration list for PBXNativeTarget "rainyshinycloudyTests" */;
			buildPhases = (
				8EDC74321E7325BE00243068 /* Sources */,
				8EDC74331E7325BE00243068 /* Frameworks */,
				8EDC74341E7325BE00243068 /* Resources */,
			);
			buildRules = (
			);
			dependencies = (
				8EDC74381E7325BE00243068 /* PBXTargetDependency */,
			);
			name = rainyshinycloudyTests;
			productName = rainyshinycloudyTests;
			productReference = 8EDC74361E7325BE00243068 /* rainyshinycloudyTests.xctest */;
			productType = "com.apple.product-type.bundle.unit-test";
		};
		8EDC74401E7325BE00243068 /* rainyshinycloudyUITests */ = {
			isa = PBXNativeTarget;
			buildConfigurationList = 8EDC74501E7325BE00243068 /* Build configuration list for PBXNativeTarget "rainyshinycloudyUITests" */;
			buildPhases = (
				8EDC743D1E7325BE00243068 /* Sources */,
				8EDC743E1E7325BE00243068 /* Frameworks */,
				8EDC743F1E7325BE00243068 /* Resources */,
			);
			buildRules = (
			);
			dependencies = (
				8EDC74431E7325BE00243068 /* PBXTargetDependency */,
			);
			name = rainyshinycloudyUITests;
			productName = rainyshinycloudyUITests;
			productReference = 8EDC74411E7325BE00243068 /* rainyshinycloudyUITests.xctest */;
			productType = "com.apple.product-type.bundle.ui-testing";
		};
/* End PBXNativeTarget section */

/* Begin PBXProject section */
		8EDC74171E7325BE00243068 /* Project object */ = {
			isa = PBXProject;
			attributes = {
				LastSwiftUpdateCheck = 0820;
				LastUpgradeCheck = 0820;
				ORGANIZATIONNAME = "Cale Riggs";
				TargetAttributes = {
					8EDC741E1E7325BE00243068 = {
						CreatedOnToolsVersion = 8.2.1;
						DevelopmentTeam = N6ADV9AFZ7;
						ProvisioningStyle = Automatic;
					};
					8EDC74351E7325BE00243068 = {
						CreatedOnToolsVersion = 8.2.1;
						DevelopmentTeam = N6ADV9AFZ7;
						ProvisioningStyle = Automatic;
						TestTargetID = 8EDC741E1E7325BE00243068;
					};
					8EDC74401E7325BE00243068 = {
						CreatedOnToolsVersion = 8.2.1;
						DevelopmentTeam = N6ADV9AFZ7;
						ProvisioningStyle = Automatic;
						TestTargetID = 8EDC741E1E7325BE00243068;
					};
				};
			};
			buildConfigurationList = 8EDC741A1E7325BE00243068 /* Build configuration list for PBXProject "rainyshinycloudy" */;
			compatibilityVersion = "Xcode 3.2";
			developmentRegion = English;
			hasScannedForEncodings = 0;
			knownRegions = (
				en,
				Base,
			);
			mainGroup = 8EDC74161E7325BE00243068;
			productRefGroup = 8EDC74201E7325BE00243068 /* Products */;
			projectDirPath = "";
			projectRoot = "";
			targets = (
				8EDC741E1E7325BE00243068 /* rainyshinycloudy */,
				8EDC74351E7325BE00243068 /* rainyshinycloudyTests */,
				8EDC74401E7325BE00243068 /* rainyshinycloudyUITests */,
			);
		};
/* End PBXProject section */

/* Begin PBXResourcesBuildPhase section */
		8EDC741D1E7325BE00243068 /* Resources */ = {
			isa = PBXResourcesBuildPhase;
			buildActionMask = 2147483647;
			files = (
				8EDC74301E7325BE00243068 /* LaunchScreen.storyboard in Resources */,
				8EDC742D1E7325BE00243068 /* Assets.xcassets in Resources */,
				8EDC74281E7325BE00243068 /* Main.storyboard in Resources */,
			);
			runOnlyForDeploymentPostprocessing = 0;
		};
		8EDC74341E7325BE00243068 /* Resources */ = {
			isa = PBXResourcesBuildPhase;
			buildActionMask = 2147483647;
			files = (
			);
			runOnlyForDeploymentPostprocessing = 0;
		};
		8EDC743F1E7325BE00243068 /* Resources */ = {
			isa = PBXResourcesBuildPhase;
			buildActionMask = 2147483647;
			files = (
			);
			runOnlyForDeploymentPostprocessing = 0;
		};
/* End PBXResourcesBuildPhase section */

/* Begin PBXShellScriptBuildPhase section */
		1D8077226270A4835043273F /* [CP] Check Pods Manifest.lock */ = {
			isa = PBXShellScriptBuildPhase;
			buildActionMask = 2147483647;
			files = (
			);
			inputPaths = (
			);
			name = "[CP] Check Pods Manifest.lock";
			outputPaths = (
			);
			runOnlyForDeploymentPostprocessing = 0;
			shellPath = /bin/sh;
			shellScript = "diff \"${PODS_ROOT}/../Podfile.lock\" \"${PODS_ROOT}/Manifest.lock\" > /dev/null\nif [ $? != 0 ] ; then\n    # print error to STDERR\n    echo \"error: The sandbox is not in sync with the Podfile.lock. Run 'pod install' or update your CocoaPods installation.\" >&2\n    exit 1\nfi\n";
			showEnvVarsInLog = 0;
		};
		82C57B17F9EC22A5BAB61569 /* [CP] Copy Pods Resources */ = {
			isa = PBXShellScriptBuildPhase;
			buildActionMask = 2147483647;
			files = (
			);
			inputPaths = (
			);
			name = "[CP] Copy Pods Resources";
			outputPaths = (
			);
			runOnlyForDeploymentPostprocessing = 0;
			shellPath = /bin/sh;
			shellScript = "\"${SRCROOT}/Pods/Target Support Files/Pods-rainyshinycloudy/Pods-rainyshinycloudy-resources.sh\"\n";
			showEnvVarsInLog = 0;
		};
		9D6EA39CC76BFD8DB462DD7F /* [CP] Embed Pods Frameworks */ = {
			isa = PBXShellScriptBuildPhase;
			buildActionMask = 2147483647;
			files = (
			);
			inputPaths = (
			);
			name = "[CP] Embed Pods Frameworks";
			outputPaths = (
			);
			runOnlyForDeploymentPostprocessing = 0;
			shellPath = /bin/sh;
			shellScript = "\"${SRCROOT}/Pods/Target Support Files/Pods-rainyshinycloudy/Pods-rainyshinycloudy-frameworks.sh\"\n";
			showEnvVarsInLog = 0;
		};
/* End PBXShellScriptBuildPhase section */

/* Begin PBXSourcesBuildPhase section */
		8EDC741B1E7325BE00243068 /* Sources */ = {
			isa = PBXSourcesBuildPhase;
			buildActionMask = 2147483647;
			files = (
				8EDC74251E7325BE00243068 /* WeatherVC.swift in Sources */,
				8EDC74561E735C2A00243068 /* CurrentWeather.swift in Sources */,
				8EDC74231E7325BE00243068 /* AppDelegate.swift in Sources */,
				8EDC742B1E7325BE00243068 /* rainyshinycloudy.xcdatamodeld in Sources */,
				8ECE32A31EA0767900D5D621 /* Forecast.swift in Sources */,
				8EDC74541E7358D600243068 /* Constants.swift in Sources */,
				8E3F7B4E1EB7DCC9001C83CB /* WeatherCell.swift in Sources */,
			);
			runOnlyForDeploymentPostprocessing = 0;
		};
		8EDC74321E7325BE00243068 /* Sources */ = {
			isa = PBXSourcesBuildPhase;
			buildActionMask = 2147483647;
			files = (
				8EDC743B1E7325BE00243068 /* rainyshinycloudyTests.swift in Sources */,
			);
			runOnlyForDeploymentPostprocessing = 0;
		};
		8EDC743D1E7325BE00243068 /* Sources */ = {
			isa = PBXSourcesBuildPhase;
			buildActionMask = 2147483647;
			files = (
				8EDC74461E7325BE00243068 /* rainyshinycloudyUITests.swift in Sources */,
			);
			runOnlyForDeploymentPostprocessing = 0;
		};
/* End PBXSourcesBuildPhase section */

/* Begin PBXTargetDependency section */
		8EDC74381E7325BE00243068 /* PBXTargetDependency */ = {
			isa = PBXTargetDependency;
			target = 8EDC741E1E7325BE00243068 /* rainyshinycloudy */;
			targetProxy = 8EDC74371E7325BE00243068 /* PBXContainerItemProxy */;
		};
		8EDC74431E7325BE00243068 /* PBXTargetDependency */ = {
			isa = PBXTargetDependency;
			target = 8EDC741E1E7325BE00243068 /* rainyshinycloudy */;
			targetProxy = 8EDC74421E7325BE00243068 /* PBXContainerItemProxy */;
		};
/* End PBXTargetDependency section */

/* Begin PBXVariantGroup section */
		8EDC74261E7325BE00243068 /* Main.storyboard */ = {
			isa = PBXVariantGroup;
			children = (
				8EDC74271E7325BE00243068 /* Base */,
			);
			name = Main.storyboard;
			sourceTree = "<group>";
		};
		8EDC742E1E7325BE00243068 /* LaunchScreen.storyboard */ = {
			isa = PBXVariantGroup;
			children = (
				8EDC742F1E7325BE00243068 /* Base */,
			);
			name = LaunchScreen.storyboard;
			sourceTree = "<group>";
		};
/* End PBXVariantGroup section */

/* Begin XCBuildConfiguration section */
		8EDC74481E7325BE00243068 /* Debug */ = {
			isa = XCBuildConfiguration;
			buildSettings = {
				ALWAYS_SEARCH_USER_PATHS = NO;
				CLANG_ANALYZER_NONNULL = YES;
				CLANG_CXX_LANGUAGE_STANDARD = "gnu++0x";
				CLANG_CXX_LIBRARY = "libc++";
				CLANG_ENABLE_MODULES = YES;
				CLANG_ENABLE_OBJC_ARC = YES;
				CLANG_WARN_BOOL_CONVERSION = YES;
				CLANG_WARN_CONSTANT_CONVERSION = YES;
				CLANG_WARN_DIRECT_OBJC_ISA_USAGE = YES_ERROR;
				CLANG_WARN_DOCUMENTATION_COMMENTS = YES;
				CLANG_WARN_EMPTY_BODY = YES;
				CLANG_WARN_ENUM_CONVERSION = YES;
				CLANG_WARN_INFINITE_RECURSION = YES;
				CLANG_WARN_INT_CONVERSION = YES;
				CLANG_WARN_OBJC_ROOT_CLASS = YES_ERROR;
				CLANG_WARN_SUSPICIOUS_MOVE = YES;
				CLANG_WARN_UNREACHABLE_CODE = YES;
				CLANG_WARN__DUPLICATE_METHOD_MATCH = YES;
				"CODE_SIGN_IDENTITY[sdk=iphoneos*]" = "iPhone Developer";
				COPY_PHASE_STRIP = NO;
				DEBUG_INFORMATION_FORMAT = dwarf;
				ENABLE_STRICT_OBJC_MSGSEND = YES;
				ENABLE_TESTABILITY = YES;
				GCC_C_LANGUAGE_STANDARD = gnu99;
				GCC_DYNAMIC_NO_PIC = NO;
				GCC_NO_COMMON_BLOCKS = YES;
				GCC_OPTIMIZATION_LEVEL = 0;
				GCC_PREPROCESSOR_DEFINITIONS = (
					"DEBUG=1",
					"$(inherited)",
				);
				GCC_WARN_64_TO_32_BIT_CONVERSION = YES;
				GCC_WARN_ABOUT_RETURN_TYPE = YES_ERROR;
				GCC_WARN_UNDECLARED_SELECTOR = YES;
				GCC_WARN_UNINITIALIZED_AUTOS = YES_AGGRESSIVE;
				GCC_WARN_UNUSED_FUNCTION = YES;
				GCC_WARN_UNUSED_VARIABLE = YES;
				IPHONEOS_DEPLOYMENT_TARGET = 10.2;
				MTL_ENABLE_DEBUG_INFO = YES;
				ONLY_ACTIVE_ARCH = YES;
				SDKROOT = iphoneos;
				SWIFT_ACTIVE_COMPILATION_CONDITIONS = DEBUG;
				SWIFT_OPTIMIZATION_LEVEL = "-Onone";
				TARGETED_DEVICE_FAMILY = "1,2";
			};
			name = Debug;
		};
		8EDC74491E7325BE00243068 /* Release */ = {
			isa = XCBuildConfiguration;
			buildSettings = {
				ALWAYS_SEARCH_USER_PATHS = NO;
				CLANG_ANALYZER_NONNULL = YES;
				CLANG_CXX_LANGUAGE_STANDARD = "gnu++0x";
				CLANG_CXX_LIBRARY = "libc++";
				CLANG_ENABLE_MODULES = YES;
				CLANG_ENABLE_OBJC_ARC = YES;
				CLANG_WARN_BOOL_CONVERSION = YES;
				CLANG_WARN_CONSTANT_CONVERSION = YES;
				CLANG_WARN_DIRECT_OBJC_ISA_USAGE = YES_ERROR;
				CLANG_WARN_DOCUMENTATION_COMMENTS = YES;
				CLANG_WARN_EMPTY_BODY = YES;
				CLANG_WARN_ENUM_CONVERSION = YES;
				CLANG_WARN_INFINITE_RECURSION = YES;
				CLANG_WARN_INT_CONVERSION = YES;
				CLANG_WARN_OBJC_ROOT_CLASS = YES_ERROR;
				CLANG_WARN_SUSPICIOUS_MOVE = YES;
				CLANG_WARN_UNREACHABLE_CODE = YES;
				CLANG_WARN__DUPLICATE_METHOD_MATCH = YES;
				"CODE_SIGN_IDENTITY[sdk=iphoneos*]" = "iPhone Developer";
				COPY_PHASE_STRIP = NO;
				DEBUG_INFORMATION_FORMAT = "dwarf-with-dsym";
				ENABLE_NS_ASSERTIONS = NO;
				ENABLE_STRICT_OBJC_MSGSEND = YES;
				GCC_C_LANGUAGE_STANDARD = gnu99;
				GCC_NO_COMMON_BLOCKS = YES;
				GCC_WARN_64_TO_32_BIT_CONVERSION = YES;
				GCC_WARN_ABOUT_RETURN_TYPE = YES_ERROR;
				GCC_WARN_UNDECLARED_SELECTOR = YES;
				GCC_WARN_UNINITIALIZED_AUTOS = YES_AGGRESSIVE;
				GCC_WARN_UNUSED_FUNCTION = YES;
				GCC_WARN_UNUSED_VARIABLE = YES;
				IPHONEOS_DEPLOYMENT_TARGET = 10.2;
				MTL_ENABLE_DEBUG_INFO = NO;
				SDKROOT = iphoneos;
				SWIFT_OPTIMIZATION_LEVEL = "-Owholemodule";
				TARGETED_DEVICE_FAMILY = "1,2";
				VALIDATE_PRODUCT = YES;
			};
			name = Release;
		};
		8EDC744B1E7325BE00243068 /* Debug */ = {
			isa = XCBuildConfiguration;
			baseConfigurationReference = F4093AD5762592F2176792F1 /* Pods-rainyshinycloudy.debug.xcconfig */;
			buildSettings = {
				ASSETCATALOG_COMPILER_APPICON_NAME = AppIcon;
				DEVELOPMENT_TEAM = N6ADV9AFZ7;
				INFOPLIST_FILE = rainyshinycloudy/Info.plist;
				LD_RUNPATH_SEARCH_PATHS = "$(inherited) @executable_path/Frameworks";
				PRODUCT_BUNDLE_IDENTIFIER = com.caleriggs.rainyshinycloudy;
				PRODUCT_NAME = "$(TARGET_NAME)";
				SWIFT_VERSION = 3.0;
			};
			name = Debug;
		};
		8EDC744C1E7325BE00243068 /* Release */ = {
			isa = XCBuildConfiguration;
			baseConfigurationReference = 77EF0F02592B50EB39D4EF95 /* Pods-rainyshinycloudy.release.xcconfig */;
			buildSettings = {
				ASSETCATALOG_COMPILER_APPICON_NAME = AppIcon;
				DEVELOPMENT_TEAM = N6ADV9AFZ7;
				INFOPLIST_FILE = rainyshinycloudy/Info.plist;
				LD_RUNPATH_SEARCH_PATHS = "$(inherited) @executable_path/Frameworks";
				PRODUCT_BUNDLE_IDENTIFIER = com.caleriggs.rainyshinycloudy;
				PRODUCT_NAME = "$(TARGET_NAME)";
				SWIFT_VERSION = 3.0;
			};
			name = Release;
		};
		8EDC744E1E7325BE00243068 /* Debug */ = {
			isa = XCBuildConfiguration;
			buildSettings = {
				ALWAYS_EMBED_SWIFT_STANDARD_LIBRARIES = YES;
				BUNDLE_LOADER = "$(TEST_HOST)";
				DEVELOPMENT_TEAM = N6ADV9AFZ7;
				INFOPLIST_FILE = rainyshinycloudyTests/Info.plist;
				LD_RUNPATH_SEARCH_PATHS = "$(inherited) @executable_path/Frameworks @loader_path/Frameworks";
				PRODUCT_BUNDLE_IDENTIFIER = com.caleriggs.rainyshinycloudyTests;
				PRODUCT_NAME = "$(TARGET_NAME)";
				SWIFT_VERSION = 3.0;
				TEST_HOST = "$(BUILT_PRODUCTS_DIR)/rainyshinycloudy.app/rainyshinycloudy";
			};
			name = Debug;
		};
		8EDC744F1E7325BE00243068 /* Release */ = {
			isa = XCBuildConfiguration;
			buildSettings = {
				ALWAYS_EMBED_SWIFT_STANDARD_LIBRARIES = YES;
				BUNDLE_LOADER = "$(TEST_HOST)";
				DEVELOPMENT_TEAM = N6ADV9AFZ7;
				INFOPLIST_FILE = rainyshinycloudyTests/Info.plist;
				LD_RUNPATH_SEARCH_PATHS = "$(inherited) @executable_path/Frameworks @loader_path/Frameworks";
				PRODUCT_BUNDLE_IDENTIFIER = com.caleriggs.rainyshinycloudyTests;
				PRODUCT_NAME = "$(TARGET_NAME)";
				SWIFT_VERSION = 3.0;
				TEST_HOST = "$(BUILT_PRODUCTS_DIR)/rainyshinycloudy.app/rainyshinycloudy";
			};
			name = Release;
		};
		8EDC74511E7325BE00243068 /* Debug */ = {
			isa = XCBuildConfiguration;
			buildSettings = {
				ALWAYS_EMBED_SWIFT_STANDARD_LIBRARIES = YES;
				DEVELOPMENT_TEAM = N6ADV9AFZ7;
				INFOPLIST_FILE = rainyshinycloudyUITests/Info.plist;
				LD_RUNPATH_SEARCH_PATHS = "$(inherited) @executable_path/Frameworks @loader_path/Frameworks";
				PRODUCT_BUNDLE_IDENTIFIER = com.caleriggs.rainyshinycloudyUITests;
				PRODUCT_NAME = "$(TARGET_NAME)";
				SWIFT_VERSION = 3.0;
				TEST_TARGET_NAME = rainyshinycloudy;
			};
			name = Debug;
		};
		8EDC74521E7325BE00243068 /* Release */ = {
			isa = XCBuildConfiguration;
			buildSettings = {
				ALWAYS_EMBED_SWIFT_STANDARD_LIBRARIES = YES;
				DEVELOPMENT_TEAM = N6ADV9AFZ7;
				INFOPLIST_FILE = rainyshinycloudyUITests/Info.plist;
				LD_RUNPATH_SEARCH_PATHS = "$(inherited) @executable_path/Frameworks @loader_path/Frameworks";
				PRODUCT_BUNDLE_IDENTIFIER = com.caleriggs.rainyshinycloudyUITests;
				PRODUCT_NAME = "$(TARGET_NAME)";
				SWIFT_VERSION = 3.0;
				TEST_TARGET_NAME = rainyshinycloudy;
			};
			name = Release;
		};
/* End XCBuildConfiguration section */

/* Begin XCConfigurationList section */
		8EDC741A1E7325BE00243068 /* Build configuration list for PBXProject "rainyshinycloudy" */ = {
			isa = XCConfigurationList;
			buildConfigurations = (
				8EDC74481E7325BE00243068 /* Debug */,
				8EDC74491E7325BE00243068 /* Release */,
			);
			defaultConfigurationIsVisible = 0;
			defaultConfigurationName = Release;
		};
		8EDC744A1E7325BE00243068 /* Build configuration list for PBXNativeTarget "rainyshinycloudy" */ = {
			isa = XCConfigurationList;
			buildConfigurations = (
				8EDC744B1E7325BE00243068 /* Debug */,
				8EDC744C1E7325BE00243068 /* Release */,
			);
			defaultConfigurationIsVisible = 0;
			defaultConfigurationName = Release;
		};
		8EDC744D1E7325BE00243068 /* Build configuration list for PBXNativeTarget "rainyshinycloudyTests" */ = {
			isa = XCConfigurationList;
			buildConfigurations = (
				8EDC744E1E7325BE00243068 /* Debug */,
				8EDC744F1E7325BE00243068 /* Release */,
			);
			defaultConfigurationIsVisible = 0;
			defaultConfigurationName = Release;
		};
		8EDC74501E7325BE00243068 /* Build configuration list for PBXNativeTarget "rainyshinycloudyUITests" */ = {
			isa = XCConfigurationList;
			buildConfigurations = (
				8EDC74511E7325BE00243068 /* Debug */,
				8EDC74521E7325BE00243068 /* Release */,
			);
			defaultConfigurationIsVisible = 0;
			defaultConfigurationName = Release;
		};
/* End XCConfigurationList section */

/* Begin XCVersionGroup section */
		8EDC74291E7325BE00243068 /* rainyshinycloudy.xcdatamodeld */ = {
			isa = XCVersionGroup;
			children = (
				8EDC742A1E7325BE00243068 /* rainyshinycloudy.xcdatamodel */,
			);
			currentVersion = 8EDC742A1E7325BE00243068 /* rainyshinycloudy.xcdatamodel */;
			path = rainyshinycloudy.xcdatamodeld;
			sourceTree = "<group>";
			versionGroupType = wrapper.xcdatamodel;
		};
/* End XCVersionGroup section */
	};
	rootObject = 8EDC74171E7325BE00243068 /* Project object */;
}
